
Microsoft Visual Studio Solution File, Format Version 12.00
# Visual Studio Version 16
VisualStudioVersion = 16.0.29411.108
MinimumVisualStudioVersion = 10.0.40219.1
Project("{FAE04EC0-301F-11D3-BF4B-00C04F79EFBC}") = "TokenGenerator", "TokenGenerator\TokenGenerator.csproj", "{85E87C99-4A8D-4A5D-8D60-0DA77FB17D47}"
EndProject
Global
	GlobalSection(SolutionConfigurationPlatforms) = preSolution
		Debug|Any CPU = Debug|Any CPU
		Release|Any CPU = Release|Any CPU
	EndGlobalSection
	GlobalSection(ProjectConfigurationPlatforms) = postSolution
		{85E87C99-4A8D-4A5D-8D60-0DA77FB17D47}.Debug|Any CPU.ActiveCfg = Debug|Any CPU
		{85E87C99-4A8D-4A5D-8D60-0DA77FB17D47}.Debug|Any CPU.Build.0 = Debug|Any CPU
		{85E87C99-4A8D-4A5D-8D60-0DA77FB17D47}.Release|Any CPU.ActiveCfg = Release|Any CPU
		{85E87C99-4A8D-4A5D-8D60-0DA77FB17D47}.Release|Any CPU.Build.0 = Release|Any CPU
	EndGlobalSection
	GlobalSection(SolutionProperties) = preSolution
		HideSolutionNode = FALSE
	EndGlobalSection
	GlobalSection(ExtensibilityGlobals) = postSolution
		SolutionGuid = {1794BD24-2954-41B3-8C01-02BE9D407148}
	EndGlobalSection
EndGlobal
